<?xml version="1.0" encoding="utf-8"?>
<Project ToolsVersion="4.0" xmlns="http://schemas.microsoft.com/developer/msbuild/2003">
  <ItemGroup>
    <Filter Include="Source Files">
      <UniqueIdentifier>{4FC737F1-C7A5-4376-A066-2A32D752A2FF}</UniqueIdentifier>
      <Extensions>cpp;c;cc;cxx;c++;cppm;ixx;def;odl;idl;hpj;bat;asm;asmx</Extensions>
    </Filter>
    <Filter Include="Header Files">
      <UniqueIdentifier>{93995380-89BD-4b04-88EB-625FBE52EBFB}</UniqueIdentifier>
      <Extensions>h;hh;hpp;hxx;h++;hm;inl;inc;ipp;xsd</Extensions>
    </Filter>
    <Filter Include="Shader">
      <UniqueIdentifier>{06ec312b-4a94-4452-92f3-a70b93a276d0}</UniqueIdentifier>
    </Filter>
    <Filter Include="Header Files\Bindable">
      <UniqueIdentifier>{ec27d1d4-a60c-4edf-a3d9-85cca6dfa08e}</UniqueIdentifier>
    </Filter>
    <Filter Include="Header Files\Drawable">
      <UniqueIdentifier>{c8a95339-2e9d-4f2d-87f4-6607c9b18c67}</UniqueIdentifier>
    </Filter>
    <Filter Include="Header Files\ChiliTools">
      <UniqueIdentifier>{61e4c7f9-0fe8-4480-b908-372862cc00ba}</UniqueIdentifier>
    </Filter>
    <Filter Include="Source Files\ChiliTools">
      <UniqueIdentifier>{c79eefe9-81a7-4107-8c7f-986347048c0d}</UniqueIdentifier>
    </Filter>
    <Filter Include="Source Files\Bindable">
      <UniqueIdentifier>{0b95d388-a9f9-4c5f-bf8b-f098d6e4f146}</UniqueIdentifier>
    </Filter>
    <Filter Include="Source Files\Drawable">
      <UniqueIdentifier>{c548f87c-9b20-4b25-8603-5317ded7819c}</UniqueIdentifier>
    </Filter>
    <Filter Include="Resourcce Files">
      <UniqueIdentifier>{622a40f8-ab08-447a-9063-e324c43d7729}</UniqueIdentifier>
    </Filter>
    <Filter Include="Resourcce Files\SpaceBox">
      <UniqueIdentifier>{1c71aad0-39c4-439a-b960-8a484fd044b8}</UniqueIdentifier>
    </Filter>
  </ItemGroup>
  <ItemGroup>
    <ClCompile Include="App/WinMain.cpp">
      <Filter>Source Files</Filter>
    </ClCompile>
    <ClCompile Include="App/Window.cpp">
      <Filter>Source Files</Filter>
    </ClCompile>
    <ClCompile Include="App/App.cpp">
      <Filter>Source Files</Filter>
    </ClCompile>
    <ClCompile Include="Render/Graphics.cpp">
      <Filter>Source Files</Filter>
    </ClCompile>
    <ClCompile Include="ChiliTools/ChiliException.cpp">
      <Filter>Source Files\ChiliTools</Filter>
    </ClCompile>
    <ClCompile Include="ChiliTools/ChiliTimer.cpp">
      <Filter>Source Files\ChiliTools</Filter>
    </ClCompile>
    <ClCompile Include="ChiliTools\DxgiInfoManager.cpp">
      <Filter>Source Files\ChiliTools</Filter>
    </ClCompile>
    <ClCompile Include="ChiliTools/Keyboard.cpp">
      <Filter>Source Files\ChiliTools</Filter>
    </ClCompile>
    <ClCompile Include="ChiliTools/Mouse.cpp">
      <Filter>Source Files\ChiliTools</Filter>
    </ClCompile>
    <ClCompile Include="ChiliTools/WindowsMessageMap.cpp">
      <Filter>Source Files\ChiliTools</Filter>
    </ClCompile>
    <ClCompile Include="Render\Bindable\Bindable.cpp">
      <Filter>Source Files\Bindable</Filter>
    </ClCompile>
    <ClCompile Include="Render\Bindable\IndexBuffer.cpp">
      <Filter>Source Files\Bindable</Filter>
    </ClCompile>
    <ClCompile Include="Render\Bindable\InputLayout.cpp">
      <Filter>Source Files\Bindable</Filter>
    </ClCompile>
    <ClCompile Include="Render\Bindable\PixelShader.cpp">
      <Filter>Source Files\Bindable</Filter>
    </ClCompile>
    <ClCompile Include="Render\Bindable\Topology.cpp">
      <Filter>Source Files\Bindable</Filter>
    </ClCompile>
    <ClCompile Include="Render\Bindable\TransformCbuf.cpp">
      <Filter>Source Files\Bindable</Filter>
    </ClCompile>
    <ClCompile Include="Render\Bindable\VertexBuffer.cpp">
      <Filter>Source Files\Bindable</Filter>
    </ClCompile>
    <ClCompile Include="Render\Bindable\VertexShader.cpp">
      <Filter>Source Files\Bindable</Filter>
    </ClCompile>
    <ClCompile Include="Render\Drawable\Box.cpp">
      <Filter>Source Files\Drawable</Filter>
    </ClCompile>
    <ClCompile Include="Render\Drawable\Drawable.cpp">
      <Filter>Source Files\Drawable</Filter>
    </ClCompile>
    <ClCompile Include="Render\Drawable\Melon.cpp">
      <Filter>Source Files\Drawable</Filter>
    </ClCompile>
    <ClCompile Include="Render\Drawable\Pyramid.cpp">
      <Filter>Source Files\Drawable</Filter>
    </ClCompile>
    <ClCompile Include="ChiliTools\GDIPlusManager.cpp">
      <Filter>Source Files\ChiliTools</Filter>
    </ClCompile>
    <ClCompile Include="ChiliTools\Surface.cpp">
      <Filter>Source Files\ChiliTools</Filter>
    </ClCompile>
    <ClCompile Include="Render\Drawable\Sheet.cpp">
      <Filter>Source Files\Drawable</Filter>
    </ClCompile>
    <ClCompile Include="Render\Bindable\Sampler.cpp">
      <Filter>Source Files\Bindable</Filter>
    </ClCompile>
    <ClCompile Include="Render\Bindable\Texture.cpp">
      <Filter>Source Files\Bindable</Filter>
    </ClCompile>
    <ClCompile Include="Render\Drawable\SkinnedBox.cpp">
      <Filter>Source Files\Drawable</Filter>
    </ClCompile>
  </ItemGroup>
  <ItemGroup>
    <ClInclude Include="ChiliTools/WindowsMessageMap.h">
      <Filter>Header Files</Filter>
    </ClInclude>
    <ClInclude Include="App/Window.h">
      <Filter>Header Files</Filter>
    </ClInclude>
    <ClInclude Include="ChiliTools/Keyboard.h">
      <Filter>Header Files</Filter>
    </ClInclude>
    <ClInclude Include="ChiliTools/Mouse.h">
      <Filter>Header Files</Filter>
    </ClInclude>
    <ClInclude Include="App/App.h">
      <Filter>Header Files</Filter>
    </ClInclude>
    <ClInclude Include="resource.h">
      <Filter>Header Files</Filter>
    </ClInclude>
    <ClInclude Include="Render/Graphics.h">
      <Filter>Header Files</Filter>
    </ClInclude>
    <ClInclude Include="ChiliTools\DxgiInfoManager.h">
      <Filter>Header Files</Filter>
    </ClInclude>
    <ClInclude Include="Render\Bindable\Bindable.h">
      <Filter>Header Files\Bindable</Filter>
    </ClInclude>
    <ClInclude Include="Render\Bindable\ConstantBuffer.h">
      <Filter>Header Files\Bindable</Filter>
    </ClInclude>
    <ClInclude Include="Render\Bindable\IndexBuffer.h">
      <Filter>Header Files\Bindable</Filter>
    </ClInclude>
    <ClInclude Include="Render\Bindable\PixelShader.h">
      <Filter>Header Files\Bindable</Filter>
    </ClInclude>
    <ClInclude Include="Render\Bindable\Topology.h">
      <Filter>Header Files\Bindable</Filter>
    </ClInclude>
    <ClInclude Include="Render\Bindable\TransformCbuf.h">
      <Filter>Header Files\Bindable</Filter>
    </ClInclude>
    <ClInclude Include="Render\Bindable\VertexBuffer.h">
      <Filter>Header Files\Bindable</Filter>
    </ClInclude>
    <ClInclude Include="Render\Bindable\VertexShader.h">
      <Filter>Header Files\Bindable</Filter>
    </ClInclude>
    <ClInclude Include="ChiliTools\GraphicsThrowMacros.h">
      <Filter>Header Files</Filter>
    </ClInclude>
    <ClInclude Include="ChiliTools\WindowsThrowMacros.h">
      <Filter>Header Files</Filter>
    </ClInclude>
    <ClInclude Include="Render\Drawable\Drawable.h">
      <Filter>Header Files\Drawable</Filter>
    </ClInclude>
    <ClInclude Include="Render\Bindable\InputLayout.h">
      <Filter>Header Files\Bindable</Filter>
    </ClInclude>
    <ClInclude Include="Render\Drawable\Box.h">
      <Filter>Header Files\Drawable</Filter>
    </ClInclude>
    <ClInclude Include="Render\Drawable\DrawableBase.h">
      <Filter>Header Files\Drawable</Filter>
    </ClInclude>
    <ClInclude Include="Render\Drawable\Cone.h">
      <Filter>Header Files\Drawable</Filter>
    </ClInclude>
    <ClInclude Include="Render\Drawable\Cube.h">
      <Filter>Header Files\Drawable</Filter>
    </ClInclude>
    <ClInclude Include="Render\Drawable\IndexedTriangleList.h">
      <Filter>Header Files\Drawable</Filter>
    </ClInclude>
    <ClInclude Include="Render\Drawable\Plane.h">
      <Filter>Header Files\Drawable</Filter>
    </ClInclude>
    <ClInclude Include="Render\Drawable\Prism.h">
      <Filter>Header Files\Drawable</Filter>
    </ClInclude>
    <ClInclude Include="Render\Drawable\Sphere.h">
      <Filter>Header Files\Drawable</Filter>
    </ClInclude>
    <ClInclude Include="Render\Drawable\Melon.h">
      <Filter>Header Files\Drawable</Filter>
    </ClInclude>
    <ClInclude Include="Render\Drawable\Pyramid.h">
      <Filter>Header Files\Drawable</Filter>
    </ClInclude>
    <ClInclude Include="Render\Bindable\BindableDef.h">
      <Filter>Header Files\Bindable</Filter>
    </ClInclude>
    <ClInclude Include="ChiliTools/ChiliException.h">
      <Filter>Header Files\ChiliTools</Filter>
    </ClInclude>
    <ClInclude Include="ChiliTools\ChiliMath.h">
      <Filter>Header Files\ChiliTools</Filter>
    </ClInclude>
    <ClInclude Include="ChiliTools/ChiliTimer.h">
      <Filter>Header Files\ChiliTools</Filter>
    </ClInclude>
    <ClInclude Include="ChiliTools/ChiliWin.h">
      <Filter>Header Files\ChiliTools</Filter>
    </ClInclude>
    <ClInclude Include="ChiliTools\ChiliWRL.h">
      <Filter>Header Files\ChiliTools</Filter>
    </ClInclude>
    <ClInclude Include="ChiliTools\GDIPlusManager.h">
      <Filter>Header Files\ChiliTools</Filter>
    </ClInclude>
    <ClInclude Include="ChiliTools\Surface.h">
      <Filter>Header Files\ChiliTools</Filter>
    </ClInclude>
    <ClInclude Include="Render\Drawable\Sheet.h">
      <Filter>Header Files\Drawable</Filter>
    </ClInclude>
    <ClInclude Include="Render\Bindable\Sampler.h">
      <Filter>Header Files\Bindable</Filter>
    </ClInclude>
    <ClInclude Include="Render\Bindable\Texture.h">
      <Filter>Header Files\Bindable</Filter>
    </ClInclude>
    <ClInclude Include="Render\Drawable\SkinnedBox.h">
      <Filter>Header Files\Drawable</Filter>
    </ClInclude>
  </ItemGroup>
  <ItemGroup>
    <FxCompile Include="Shader\ColorBlendPS.hlsl">
      <Filter>Shader</Filter>
    </FxCompile>
    <FxCompile Include="Shader\ColorBlendVS.hlsl">
      <Filter>Shader</Filter>
    </FxCompile>
    <FxCompile Include="Shader\ColorIndexPS.hlsl">
      <Filter>Shader</Filter>
    </FxCompile>
    <FxCompile Include="Shader\ColorIndexVS.hlsl">
      <Filter>Shader</Filter>
    </FxCompile>
    <FxCompile Include="Shader\TexturePS.hlsl">
      <Filter>Shader</Filter>
    </FxCompile>
    <FxCompile Include="Shader\TextureVS.hlsl">
      <Filter>Shader</Filter>
    </FxCompile>
  </ItemGroup>
  <ItemGroup>
    <Image Include="chili.ico">
      <Filter>Resourcce Files</Filter>
    </Image>
    <Image Include="Images\brickwall.jpg">
      <Filter>Resourcce Files</Filter>
    </Image>
    <Image Include="Images\brickwall_normal.jpg">
      <Filter>Resourcce Files</Filter>
    </Image>
    <Image Include="Images\brickwall_normal_obj.png">
      <Filter>Resourcce Files</Filter>
    </Image>
    <Image Include="Images\cube.png">
      <Filter>Resourcce Files</Filter>
    </Image>
    <Image Include="Images\kappa50.png">
      <Filter>Resourcce Files</Filter>
    </Image>
    <Image Include="Images\reference_nrm.png">
      <Filter>Resourcce Files</Filter>
    </Image>
    <Image Include="Images\stripes.png">
      <Filter>Resourcce Files</Filter>
    </Image>
    <Image Include="Images\SpaceBox\0.png">
      <Filter>Resourcce Files\SpaceBox</Filter>
    </Image>
    <Image Include="Images\SpaceBox\1.png">
      <Filter>Resourcce Files\SpaceBox</Filter>
    </Image>
    <Image Include="Images\SpaceBox\2.png">
      <Filter>Resourcce Files\SpaceBox</Filter>
    </Image>
    <Image Include="Images\SpaceBox\3.png">
      <Filter>Resourcce Files\SpaceBox</Filter>
    </Image>
    <Image Include="Images\SpaceBox\4.png">
      <Filter>Resourcce Files\SpaceBox</Filter>
    </Image>
    <Image Include="Images\SpaceBox\5.png">
      <Filter>Resourcce Files\SpaceBox</Filter>
    </Image>
  </ItemGroup>
  <ItemGroup>
    <ResourceCompile Include="Project1.rc">
      <Filter>Resourcce Files</Filter>
    </ResourceCompile>
  </ItemGroup>
</Project>